PODS:
  - HCRotaryWheel (0.1.5)
  - HGCircularSlider (1.0.3)
  - SwiftSiriWaveformView (2.0.0)

DEPENDENCIES:
  - HCRotaryWheel (~> 0.1.3)
  - HGCircularSlider (~> 1.0.3)
  - SwiftSiriWaveformView

SPEC CHECKSUMS:
  HCRotaryWheel: e733896bf6591e759ced09da9ee663961a0c7b5e
  HGCircularSlider: f3a941d52bae7833b7213b8d89c6264c5506d9ad
  SwiftSiriWaveformView: 85328da51cf5f3c6a0dbcdf9186f4417edf1b538

PODFILE CHECKSUM: d180cda30a97c70baac605f88fb399ef849f2d27

COCOAPODS: 1.2.0.beta.1
