// !$*UTF8*$!
{
	archiveVersion = 1;
	classes = {
	};
	objectVersion = 46;
	objects = {

/* Begin PBXBuildFile section */
		103CCA9DF42CB75F6B8A3D05 /* Pods_PitchPerfectUITests.framework in Frameworks */ = {isa = PBXBuildFile; fileRef = 68C940F21B499466CFE54517 /* Pods_PitchPerfectUITests.framework */; };
		3E68977E657D3567197D1547 /* Pods_PitchPerfectTests.framework in Frameworks */ = {isa = PBXBuildFile; fileRef = E9D573F0CFAC53848B246F68 /* Pods_PitchPerfectTests.framework */; };
		E0A4F2C968CD100234516FAF /* Pods_PitchPerfect.framework in Frameworks */ = {isa = PBXBuildFile; fileRef = 67F9EAF4ABC17C8C307F3DFC /* Pods_PitchPerfect.framework */; };
		EE158BAE1E80233C00228BA2 /* AudioEffectsViewController.swift in Sources */ = {isa = PBXBuildFile; fileRef = EE158BAD1E80233C00228BA2 /* AudioEffectsViewController.swift */; };
		EE3D3F081E82469F00BCB8A2 /* RotaryWheel.swift in Sources */ = {isa = PBXBuildFile; fileRef = EE3D3F071E82469F00BCB8A2 /* RotaryWheel.swift */; };
		EE3D3F0A1E82BE6500BCB8A2 /* CircularSliderGradient.swift in Sources */ = {isa = PBXBuildFile; fileRef = EE3D3F091E82BE6500BCB8A2 /* CircularSliderGradient.swift */; };
		EE4545151E877DC500B9C213 /* Constant.swift in Sources */ = {isa = PBXBuildFile; fileRef = EE4545141E877DC500B9C213 /* Constant.swift */; };
		EE4545191E87C29300B9C213 /* ExtendedAVAudioRecorderDelegate.swift in Sources */ = {isa = PBXBuildFile; fileRef = EE4545181E87C29300B9C213 /* ExtendedAVAudioRecorderDelegate.swift */; };
		EE5CF1F61E8400B800292217 /* AnimatedWaveform.swift in Sources */ = {isa = PBXBuildFile; fileRef = EE5CF1F51E8400B800292217 /* AnimatedWaveform.swift */; };
		EE5D05051E843A2700373C9F /* UIView+Fadeable.swift in Sources */ = {isa = PBXBuildFile; fileRef = EE5D05041E843A2700373C9F /* UIView+Fadeable.swift */; };
		EE5D05071E850C7700373C9F /* Constant+App.swift in Sources */ = {isa = PBXBuildFile; fileRef = EE5D05061E850C7700373C9F /* Constant+App.swift */; };
		EE5D05091E850DEA00373C9F /* AudioEffect.swift in Sources */ = {isa = PBXBuildFile; fileRef = EE5D05081E850DEA00373C9F /* AudioEffect.swift */; };
		EE5D050E1E856CDD00373C9F /* AudioManipulator.swift in Sources */ = {isa = PBXBuildFile; fileRef = EE5D050D1E856CDD00373C9F /* AudioManipulator.swift */; };
		EE5D05101E856FBD00373C9F /* FileManager+Convenience.swift in Sources */ = {isa = PBXBuildFile; fileRef = EE5D050F1E856FBD00373C9F /* FileManager+Convenience.swift */; };
		EE5D05121E86E99800373C9F /* Error_.swift in Sources */ = {isa = PBXBuildFile; fileRef = EE5D05111E86E99800373C9F /* Error_.swift */; };
		EE5D05141E86EF6000373C9F /* Error_+App.swift in Sources */ = {isa = PBXBuildFile; fileRef = EE5D05131E86EF6000373C9F /* Error_+App.swift */; };
		EE894A481E5C98A10066A4FE /* AppDelegate.swift in Sources */ = {isa = PBXBuildFile; fileRef = EE894A471E5C98A10066A4FE /* AppDelegate.swift */; };
		EE894A4D1E5C98A10066A4FE /* Main.storyboard in Resources */ = {isa = PBXBuildFile; fileRef = EE894A4B1E5C98A10066A4FE /* Main.storyboard */; };
		EE894A4F1E5C98A10066A4FE /* Assets.xcassets in Resources */ = {isa = PBXBuildFile; fileRef = EE894A4E1E5C98A10066A4FE /* Assets.xcassets */; };
		EE894A521E5C98A10066A4FE /* LaunchScreen.storyboard in Resources */ = {isa = PBXBuildFile; fileRef = EE894A501E5C98A10066A4FE /* LaunchScreen.storyboard */; };
		EE894A5D1E5C98A10066A4FE /* PitchPerfectTests.swift in Sources */ = {isa = PBXBuildFile; fileRef = EE894A5C1E5C98A10066A4FE /* PitchPerfectTests.swift */; };
		EE894A681E5C98A10066A4FE /* PitchPerfectUITests.swift in Sources */ = {isa = PBXBuildFile; fileRef = EE894A671E5C98A10066A4FE /* PitchPerfectUITests.swift */; };
		EECA498D1E821C2A00B5198D /* CustomTraitCollectionViewController.swift in Sources */ = {isa = PBXBuildFile; fileRef = EECA498C1E821C2A00B5198D /* CustomTraitCollectionViewController.swift */; };
		EED3169B1E7FA56D00014B2D /* ArtKitButton.swift in Sources */ = {isa = PBXBuildFile; fileRef = EED3169A1E7FA56D00014B2D /* ArtKitButton.swift */; };
		EED3169D1E80110000014B2D /* ArtKit.swift in Sources */ = {isa = PBXBuildFile; fileRef = EED3169C1E80110000014B2D /* ArtKit.swift */; };
		EED3169F1E801B6A00014B2D /* RecordViewController.swift in Sources */ = {isa = PBXBuildFile; fileRef = EED3169E1E801B6A00014B2D /* RecordViewController.swift */; };
		EED9E9D91E880DA20096EF0E /* AudioProperties.swift in Sources */ = {isa = PBXBuildFile; fileRef = EED9E9D81E880DA20096EF0E /* AudioProperties.swift */; };
		EED9E9E21E88CC530096EF0E /* BasicAudioRecorder.swift in Sources */ = {isa = PBXBuildFile; fileRef = EED9E9E11E88CC530096EF0E /* BasicAudioRecorder.swift */; };
/* End PBXBuildFile section */

/* Begin PBXContainerItemProxy section */
		EE894A591E5C98A10066A4FE /* PBXContainerItemProxy */ = {
			isa = PBXContainerItemProxy;
			containerPortal = EE894A3C1E5C98A00066A4FE /* Project object */;
			proxyType = 1;
			remoteGlobalIDString = EE894A431E5C98A00066A4FE;
			remoteInfo = PitchPerfect;
		};
		EE894A641E5C98A10066A4FE /* PBXContainerItemProxy */ = {
			isa = PBXContainerItemProxy;
			containerPortal = EE894A3C1E5C98A00066A4FE /* Project object */;
			proxyType = 1;
			remoteGlobalIDString = EE894A431E5C98A00066A4FE;
			remoteInfo = PitchPerfect;
		};
/* End PBXContainerItemProxy section */

/* Begin PBXFileReference section */
		00776EC4296CBBA06AFEFA53 /* Pods-PitchPerfect.debug.xcconfig */ = {isa = PBXFileReference; includeInIndex = 1; lastKnownFileType = text.xcconfig; name = "Pods-PitchPerfect.debug.xcconfig"; path = "Pods/Target Support Files/Pods-PitchPerfect/Pods-PitchPerfect.debug.xcconfig"; sourceTree = "<group>"; };
		67F9EAF4ABC17C8C307F3DFC /* Pods_PitchPerfect.framework */ = {isa = PBXFileReference; explicitFileType = wrapper.framework; includeInIndex = 0; path = Pods_PitchPerfect.framework; sourceTree = BUILT_PRODUCTS_DIR; };
		68C940F21B499466CFE54517 /* Pods_PitchPerfectUITests.framework */ = {isa = PBXFileReference; explicitFileType = wrapper.framework; includeInIndex = 0; path = Pods_PitchPerfectUITests.framework; sourceTree = BUILT_PRODUCTS_DIR; };
		9AF583B28680E9EA3690D2F4 /* Pods-PitchPerfect.release.xcconfig */ = {isa = PBXFileReference; includeInIndex = 1; lastKnownFileType = text.xcconfig; name = "Pods-PitchPerfect.release.xcconfig"; path = "Pods/Target Support Files/Pods-PitchPerfect/Pods-PitchPerfect.release.xcconfig"; sourceTree = "<group>"; };
		A870B2802D6D7ABA82EA99C0 /* Pods-PitchPerfectUITests.release.xcconfig */ = {isa = PBXFileReference; includeInIndex = 1; lastKnownFileType = text.xcconfig; name = "Pods-PitchPerfectUITests.release.xcconfig"; path = "Pods/Target Support Files/Pods-PitchPerfectUITests/Pods-PitchPerfectUITests.release.xcconfig"; sourceTree = "<group>"; };
		B225B4BA71CC57159276A1F0 /* Pods-PitchPerfectUITests.debug.xcconfig */ = {isa = PBXFileReference; includeInIndex = 1; lastKnownFileType = text.xcconfig; name = "Pods-PitchPerfectUITests.debug.xcconfig"; path = "Pods/Target Support Files/Pods-PitchPerfectUITests/Pods-PitchPerfectUITests.debug.xcconfig"; sourceTree = "<group>"; };
		BB13708822829A37B169BDE7 /* Pods-PitchPerfectTests.release.xcconfig */ = {isa = PBXFileReference; includeInIndex = 1; lastKnownFileType = text.xcconfig; name = "Pods-PitchPerfectTests.release.xcconfig"; path = "Pods/Target Support Files/Pods-PitchPerfectTests/Pods-PitchPerfectTests.release.xcconfig"; sourceTree = "<group>"; };
		E8E29BD8A687525E35BE0E33 /* Pods-PitchPerfectTests.debug.xcconfig */ = {isa = PBXFileReference; includeInIndex = 1; lastKnownFileType = text.xcconfig; name = "Pods-PitchPerfectTests.debug.xcconfig"; path = "Pods/Target Support Files/Pods-PitchPerfectTests/Pods-PitchPerfectTests.debug.xcconfig"; sourceTree = "<group>"; };
		E9D573F0CFAC53848B246F68 /* Pods_PitchPerfectTests.framework */ = {isa = PBXFileReference; explicitFileType = wrapper.framework; includeInIndex = 0; path = Pods_PitchPerfectTests.framework; sourceTree = BUILT_PRODUCTS_DIR; };
		EE158BAD1E80233C00228BA2 /* AudioEffectsViewController.swift */ = {isa = PBXFileReference; fileEncoding = 4; lastKnownFileType = sourcecode.swift; name = AudioEffectsViewController.swift; path = Controller/AudioEffectsViewController.swift; sourceTree = "<group>"; };
		EE3D3F071E82469F00BCB8A2 /* RotaryWheel.swift */ = {isa = PBXFileReference; fileEncoding = 4; lastKnownFileType = sourcecode.swift; name = RotaryWheel.swift; path = View/RotaryWheel.swift; sourceTree = "<group>"; };
		EE3D3F091E82BE6500BCB8A2 /* CircularSliderGradient.swift */ = {isa = PBXFileReference; fileEncoding = 4; lastKnownFileType = sourcecode.swift; name = CircularSliderGradient.swift; path = View/CircularSliderGradient.swift; sourceTree = "<group>"; };
		EE4545141E877DC500B9C213 /* Constant.swift */ = {isa = PBXFileReference; fileEncoding = 4; lastKnownFileType = sourcecode.swift; name = Constant.swift; path = Reusable/MustImport/Constant.swift; sourceTree = "<group>"; };
		EE4545181E87C29300B9C213 /* ExtendedAVAudioRecorderDelegate.swift */ = {isa = PBXFileReference; fileEncoding = 4; lastKnownFileType = sourcecode.swift; name = ExtendedAVAudioRecorderDelegate.swift; path = Reusable/AVFoundation/ExtendedAVAudioRecorderDelegate.swift; sourceTree = "<group>"; };
		EE5CF1F51E8400B800292217 /* AnimatedWaveform.swift */ = {isa = PBXFileReference; fileEncoding = 4; lastKnownFileType = sourcecode.swift; name = AnimatedWaveform.swift; path = View/AnimatedWaveform.swift; sourceTree = "<group>"; };
		EE5D05041E843A2700373C9F /* UIView+Fadeable.swift */ = {isa = PBXFileReference; fileEncoding = 4; lastKnownFileType = sourcecode.swift; name = "UIView+Fadeable.swift"; path = "Reusable/UIView+Fadeable.swift"; sourceTree = "<group>"; };
		EE5D05061E850C7700373C9F /* Constant+App.swift */ = {isa = PBXFileReference; fileEncoding = 4; lastKnownFileType = sourcecode.swift; path = "Constant+App.swift"; sourceTree = "<group>"; };
		EE5D05081E850DEA00373C9F /* AudioEffect.swift */ = {isa = PBXFileReference; fileEncoding = 4; lastKnownFileType = sourcecode.swift; name = AudioEffect.swift; path = Model/AudioEffect.swift; sourceTree = "<group>"; };
		EE5D050D1E856CDD00373C9F /* AudioManipulator.swift */ = {isa = PBXFileReference; fileEncoding = 4; lastKnownFileType = sourcecode.swift; name = AudioManipulator.swift; path = Model/AudioManipulator.swift; sourceTree = "<group>"; };
		EE5D050F1E856FBD00373C9F /* FileManager+Convenience.swift */ = {isa = PBXFileReference; fileEncoding = 4; lastKnownFileType = sourcecode.swift; name = "FileManager+Convenience.swift"; path = "Reusable/FileManager+Convenience.swift"; sourceTree = "<group>"; };
		EE5D05111E86E99800373C9F /* Error_.swift */ = {isa = PBXFileReference; fileEncoding = 4; lastKnownFileType = sourcecode.swift; name = Error_.swift; path = Reusable/MustImport/Error_.swift; sourceTree = "<group>"; };
		EE5D05131E86EF6000373C9F /* Error_+App.swift */ = {isa = PBXFileReference; fileEncoding = 4; lastKnownFileType = sourcecode.swift; path = "Error_+App.swift"; sourceTree = "<group>"; };
		EE894A441E5C98A10066A4FE /* PitchPerfect.app */ = {isa = PBXFileReference; explicitFileType = wrapper.application; includeInIndex = 0; path = PitchPerfect.app; sourceTree = BUILT_PRODUCTS_DIR; };
		EE894A471E5C98A10066A4FE /* AppDelegate.swift */ = {isa = PBXFileReference; lastKnownFileType = sourcecode.swift; path = AppDelegate.swift; sourceTree = "<group>"; };
		EE894A4C1E5C98A10066A4FE /* Base */ = {isa = PBXFileReference; lastKnownFileType = file.storyboard; name = Base; path = Base.lproj/Main.storyboard; sourceTree = "<group>"; };
		EE894A4E1E5C98A10066A4FE /* Assets.xcassets */ = {isa = PBXFileReference; lastKnownFileType = folder.assetcatalog; path = Assets.xcassets; sourceTree = "<group>"; };
		EE894A511E5C98A10066A4FE /* Base */ = {isa = PBXFileReference; lastKnownFileType = file.storyboard; name = Base; path = Base.lproj/LaunchScreen.storyboard; sourceTree = "<group>"; };
		EE894A531E5C98A10066A4FE /* Info.plist */ = {isa = PBXFileReference; lastKnownFileType = text.plist.xml; path = Info.plist; sourceTree = "<group>"; };
		EE894A581E5C98A10066A4FE /* PitchPerfectTests.xctest */ = {isa = PBXFileReference; explicitFileType = wrapper.cfbundle; includeInIndex = 0; path = PitchPerfectTests.xctest; sourceTree = BUILT_PRODUCTS_DIR; };
		EE894A5C1E5C98A10066A4FE /* PitchPerfectTests.swift */ = {isa = PBXFileReference; lastKnownFileType = sourcecode.swift; path = PitchPerfectTests.swift; sourceTree = "<group>"; };
		EE894A5E1E5C98A10066A4FE /* Info.plist */ = {isa = PBXFileReference; lastKnownFileType = text.plist.xml; path = Info.plist; sourceTree = "<group>"; };
		EE894A631E5C98A10066A4FE /* PitchPerfectUITests.xctest */ = {isa = PBXFileReference; explicitFileType = wrapper.cfbundle; includeInIndex = 0; path = PitchPerfectUITests.xctest; sourceTree = BUILT_PRODUCTS_DIR; };
		EE894A671E5C98A10066A4FE /* PitchPerfectUITests.swift */ = {isa = PBXFileReference; lastKnownFileType = sourcecode.swift; path = PitchPerfectUITests.swift; sourceTree = "<group>"; };
		EE894A691E5C98A10066A4FE /* Info.plist */ = {isa = PBXFileReference; lastKnownFileType = text.plist.xml; path = Info.plist; sourceTree = "<group>"; };
		EECA498C1E821C2A00B5198D /* CustomTraitCollectionViewController.swift */ = {isa = PBXFileReference; fileEncoding = 4; lastKnownFileType = sourcecode.swift; name = CustomTraitCollectionViewController.swift; path = Reusable/CustomTraitCollectionViewController.swift; sourceTree = "<group>"; };
		EED3169A1E7FA56D00014B2D /* ArtKitButton.swift */ = {isa = PBXFileReference; fileEncoding = 4; lastKnownFileType = sourcecode.swift; name = ArtKitButton.swift; path = View/ArtKitButton.swift; sourceTree = "<group>"; };
		EED3169C1E80110000014B2D /* ArtKit.swift */ = {isa = PBXFileReference; fileEncoding = 4; lastKnownFileType = sourcecode.swift; name = ArtKit.swift; path = View/ArtKit.swift; sourceTree = "<group>"; };
		EED3169E1E801B6A00014B2D /* RecordViewController.swift */ = {isa = PBXFileReference; fileEncoding = 4; lastKnownFileType = sourcecode.swift; name = RecordViewController.swift; path = Controller/RecordViewController.swift; sourceTree = "<group>"; };
		EED9E9E11E88CC530096EF0E /* BasicAudioRecorder.swift */ = {isa = PBXFileReference; fileEncoding = 4; lastKnownFileType = sourcecode.swift; name = BasicAudioRecorder.swift; path = Reusable/AVFoundation/BasicAudioRecorder.swift; sourceTree = "<group>"; };
/* End PBXFileReference section */

/* Begin PBXFrameworksBuildPhase section */
		EE894A411E5C98A00066A4FE /* Frameworks */ = {
			isa = PBXFrameworksBuildPhase;
			buildActionMask = 2147483647;
			files = (
				E0A4F2C968CD100234516FAF /* Pods_PitchPerfect.framework in Frameworks */,
			);
			runOnlyForDeploymentPostprocessing = 0;
		};
		EE894A551E5C98A10066A4FE /* Frameworks */ = {
			isa = PBXFrameworksBuildPhase;
			buildActionMask = 2147483647;
			files = (
				3E68977E657D3567197D1547 /* Pods_PitchPerfectTests.framework in Frameworks */,
			);
			runOnlyForDeploymentPostprocessing = 0;
		};
		EE894A601E5C98A10066A4FE /* Frameworks */ = {
			isa = PBXFrameworksBuildPhase;
			buildActionMask = 2147483647;
			files = (
				103CCA9DF42CB75F6B8A3D05 /* Pods_PitchPerfectUITests.framework in Frameworks */,
			);
			runOnlyForDeploymentPostprocessing = 0;
		};
/* End PBXFrameworksBuildPhase section */

/* Begin PBXGroup section */
		3AE7A2EDFAB64A95E8257017 /* Frameworks */ = {
			isa = PBXGroup;
			children = (
				67F9EAF4ABC17C8C307F3DFC /* Pods_PitchPerfect.framework */,
				E9D573F0CFAC53848B246F68 /* Pods_PitchPerfectTests.framework */,
				68C940F21B499466CFE54517 /* Pods_PitchPerfectUITests.framework */,
			);
			name = Frameworks;
			sourceTree = "<group>";
		};
		AF33A32DD95C20DD2CB4028B /* Pods */ = {
			isa = PBXGroup;
			children = (
				00776EC4296CBBA06AFEFA53 /* Pods-PitchPerfect.debug.xcconfig */,
				9AF583B28680E9EA3690D2F4 /* Pods-PitchPerfect.release.xcconfig */,
				E8E29BD8A687525E35BE0E33 /* Pods-PitchPerfectTests.debug.xcconfig */,
				BB13708822829A37B169BDE7 /* Pods-PitchPerfectTests.release.xcconfig */,
				B225B4BA71CC57159276A1F0 /* Pods-PitchPerfectUITests.debug.xcconfig */,
				A870B2802D6D7ABA82EA99C0 /* Pods-PitchPerfectUITests.release.xcconfig */,
			);
			name = Pods;
			sourceTree = "<group>";
		};
		EE4545131E877D2800B9C213 /* MustImport */ = {
			isa = PBXGroup;
			children = (
				EE4545141E877DC500B9C213 /* Constant.swift */,
				EE5D05111E86E99800373C9F /* Error_.swift */,
			);
			name = MustImport;
			sourceTree = "<group>";
		};
		EE5D050A1E850E0800373C9F /* Model  */ = {
			isa = PBXGroup;
			children = (
				EE5D05081E850DEA00373C9F /* AudioEffect.swift */,
				EE5D050D1E856CDD00373C9F /* AudioManipulator.swift */,
			);
			name = "Model ";
			sourceTree = "<group>";
		};
		EE894A3B1E5C98A00066A4FE = {
			isa = PBXGroup;
			children = (
				EECA498E1E821C2F00B5198D /* Reusable */,
				EE894A461E5C98A10066A4FE /* PitchPerfect */,
				EE894A5B1E5C98A10066A4FE /* PitchPerfectTests */,
				EE894A661E5C98A10066A4FE /* PitchPerfectUITests */,
				EE894A451E5C98A10066A4FE /* Products */,
				AF33A32DD95C20DD2CB4028B /* Pods */,
				3AE7A2EDFAB64A95E8257017 /* Frameworks */,
			);
			sourceTree = "<group>";
		};
		EE894A451E5C98A10066A4FE /* Products */ = {
			isa = PBXGroup;
			children = (
				EE894A441E5C98A10066A4FE /* PitchPerfect.app */,
				EE894A581E5C98A10066A4FE /* PitchPerfectTests.xctest */,
				EE894A631E5C98A10066A4FE /* PitchPerfectUITests.xctest */,
			);
			name = Products;
			sourceTree = "<group>";
		};
		EE894A461E5C98A10066A4FE /* PitchPerfect */ = {
			isa = PBXGroup;
			children = (
				EE5D05131E86EF6000373C9F /* Error_+App.swift */,
				EE5D05061E850C7700373C9F /* Constant+App.swift */,
				EE5D050A1E850E0800373C9F /* Model  */,
				EED316991E7FA50D00014B2D /* View */,
				EED316A01E801B7400014B2D /* Controller */,
				EE894A471E5C98A10066A4FE /* AppDelegate.swift */,
				EED316A11E80209A00014B2D /* Assets */,
				EE894A531E5C98A10066A4FE /* Info.plist */,
			);
			path = PitchPerfect;
			sourceTree = "<group>";
		};
		EE894A5B1E5C98A10066A4FE /* PitchPerfectTests */ = {
			isa = PBXGroup;
			children = (
				EE894A5C1E5C98A10066A4FE /* PitchPerfectTests.swift */,
				EE894A5E1E5C98A10066A4FE /* Info.plist */,
			);
			path = PitchPerfectTests;
			sourceTree = "<group>";
		};
		EE894A661E5C98A10066A4FE /* PitchPerfectUITests */ = {
			isa = PBXGroup;
			children = (
				EE894A671E5C98A10066A4FE /* PitchPerfectUITests.swift */,
				EE894A691E5C98A10066A4FE /* Info.plist */,
			);
			path = PitchPerfectUITests;
			sourceTree = "<group>";
		};
		EECA498E1E821C2F00B5198D /* Reusable */ = {
			isa = PBXGroup;
			children = (
				EED9E9DC1E88A8960096EF0E /* AVFoundation */,
				EECA498C1E821C2A00B5198D /* CustomTraitCollectionViewController.swift */,
				EE5D05041E843A2700373C9F /* UIView+Fadeable.swift */,
				EE5D050F1E856FBD00373C9F /* FileManager+Convenience.swift */,
				EE4545131E877D2800B9C213 /* MustImport */,
			);
			name = Reusable;
			sourceTree = "<group>";
		};
		EED316991E7FA50D00014B2D /* View */ = {
			isa = PBXGroup;
			children = (
				EED3169C1E80110000014B2D /* ArtKit.swift */,
				EED3169A1E7FA56D00014B2D /* ArtKitButton.swift */,
				EE3D3F071E82469F00BCB8A2 /* RotaryWheel.swift */,
				EE3D3F091E82BE6500BCB8A2 /* CircularSliderGradient.swift */,
				EE5CF1F51E8400B800292217 /* AnimatedWaveform.swift */,
			);
			name = View;
			sourceTree = "<group>";
		};
		EED316A01E801B7400014B2D /* Controller */ = {
			isa = PBXGroup;
			children = (
				EED3169E1E801B6A00014B2D /* RecordViewController.swift */,
				EE158BAD1E80233C00228BA2 /* AudioEffectsViewController.swift */,
			);
			name = Controller;
			sourceTree = "<group>";
		};
		EED316A11E80209A00014B2D /* Assets */ = {
			isa = PBXGroup;
			children = (
				EE894A4B1E5C98A10066A4FE /* Main.storyboard */,
				EE894A4E1E5C98A10066A4FE /* Assets.xcassets */,
				EE894A501E5C98A10066A4FE /* LaunchScreen.storyboard */,
			);
			name = Assets;
			sourceTree = "<group>";
		};
		EED9E9DC1E88A8960096EF0E /* AVFoundation */ = {
			isa = PBXGroup;
			children = (
				EE4545181E87C29300B9C213 /* ExtendedAVAudioRecorderDelegate.swift */,
				EED9E9E11E88CC530096EF0E /* BasicAudioRecorder.swift */,
			);
			name = AVFoundation;
			sourceTree = "<group>";
		};
/* End PBXGroup section */

/* Begin PBXNativeTarget section */
		EE894A431E5C98A00066A4FE /* PitchPerfect */ = {
			isa = PBXNativeTarget;
			buildConfigurationList = EE894A6C1E5C98A10066A4FE /* Build configuration list for PBXNativeTarget "PitchPerfect" */;
			buildPhases = (
				D66290ED357F4C91DD1C87E5 /* [CP] Check Pods Manifest.lock */,
				EE894A401E5C98A00066A4FE /* Sources */,
				EE894A411E5C98A00066A4FE /* Frameworks */,
				EE894A421E5C98A00066A4FE /* Resources */,
				C0166DB395E68A9F55F3234B /* [CP] Embed Pods Frameworks */,
				EFC0B201B33C3A1BD25FFE72 /* [CP] Copy Pods Resources */,
			);
			buildRules = (
			);
			dependencies = (
			);
			name = PitchPerfect;
			productName = PitchPerfect;
			productReference = EE894A441E5C98A10066A4FE /* PitchPerfect.app */;
			productType = "com.apple.product-type.application";
		};
		EE894A571E5C98A10066A4FE /* PitchPerfectTests */ = {
			isa = PBXNativeTarget;
			buildConfigurationList = EE894A6F1E5C98A10066A4FE /* Build configuration list for PBXNativeTarget "PitchPerfectTests" */;
			buildPhases = (
				2D6AD78F0D35452398E1714B /* [CP] Check Pods Manifest.lock */,
				EE894A541E5C98A10066A4FE /* Sources */,
				EE894A551E5C98A10066A4FE /* Frameworks */,
				EE894A561E5C98A10066A4FE /* Resources */,
				399F36C4CA24B773568AF983 /* [CP] Embed Pods Frameworks */,
				0415CA4C65B1371E65FC955B /* [CP] Copy Pods Resources */,
			);
			buildRules = (
			);
			dependencies = (
				EE894A5A1E5C98A10066A4FE /* PBXTargetDependency */,
			);
			name = PitchPerfectTests;
			productName = PitchPerfectTests;
			productReference = EE894A581E5C98A10066A4FE /* PitchPerfectTests.xctest */;
			productType = "com.apple.product-type.bundle.unit-test";
		};
		EE894A621E5C98A10066A4FE /* PitchPerfectUITests */ = {
			isa = PBXNativeTarget;
			buildConfigurationList = EE894A721E5C98A10066A4FE /* Build configuration list for PBXNativeTarget "PitchPerfectUITests" */;
			buildPhases = (
				C122894BC2818156E60E1FEE /* [CP] Check Pods Manifest.lock */,
				EE894A5F1E5C98A10066A4FE /* Sources */,
				EE894A601E5C98A10066A4FE /* Frameworks */,
				EE894A611E5C98A10066A4FE /* Resources */,
				9FBA5139CC531FC0C14FF493 /* [CP] Embed Pods Frameworks */,
				A9A37271BEB3C3E3AEC525B5 /* [CP] Copy Pods Resources */,
			);
			buildRules = (
			);
			dependencies = (
				EE894A651E5C98A10066A4FE /* PBXTargetDependency */,
			);
			name = PitchPerfectUITests;
			productName = PitchPerfectUITests;
			productReference = EE894A631E5C98A10066A4FE /* PitchPerfectUITests.xctest */;
			productType = "com.apple.product-type.bundle.ui-testing";
		};
/* End PBXNativeTarget section */

/* Begin PBXProject section */
		EE894A3C1E5C98A00066A4FE /* Project object */ = {
			isa = PBXProject;
			attributes = {
				LastSwiftUpdateCheck = 0820;
				LastUpgradeCheck = 0820;
				ORGANIZATIONNAME = "Shobhit Gupta";
				TargetAttributes = {
					EE894A431E5C98A00066A4FE = {
						CreatedOnToolsVersion = 8.2.1;
						DevelopmentTeam = AR27PDZ76S;
						ProvisioningStyle = Automatic;
					};
					EE894A571E5C98A10066A4FE = {
						CreatedOnToolsVersion = 8.2.1;
						DevelopmentTeam = AR27PDZ76S;
						ProvisioningStyle = Automatic;
						TestTargetID = EE894A431E5C98A00066A4FE;
					};
					EE894A621E5C98A10066A4FE = {
						CreatedOnToolsVersion = 8.2.1;
						DevelopmentTeam = AR27PDZ76S;
						ProvisioningStyle = Automatic;
						TestTargetID = EE894A431E5C98A00066A4FE;
					};
				};
			};
			buildConfigurationList = EE894A3F1E5C98A00066A4FE /* Build configuration list for PBXProject "PitchPerfect" */;
			compatibilityVersion = "Xcode 3.2";
			developmentRegion = English;
			hasScannedForEncodings = 0;
			knownRegions = (
				en,
				Base,
			);
			mainGroup = EE894A3B1E5C98A00066A4FE;
			productRefGroup = EE894A451E5C98A10066A4FE /* Products */;
			projectDirPath = "";
			projectRoot = "";
			targets = (
				EE894A431E5C98A00066A4FE /* PitchPerfect */,
				EE894A571E5C98A10066A4FE /* PitchPerfectTests */,
				EE894A621E5C98A10066A4FE /* PitchPerfectUITests */,
			);
		};
/* End PBXProject section */

/* Begin PBXResourcesBuildPhase section */
		EE894A421E5C98A00066A4FE /* Resources */ = {
			isa = PBXResourcesBuildPhase;
			buildActionMask = 2147483647;
			files = (
				EE894A521E5C98A10066A4FE /* LaunchScreen.storyboard in Resources */,
				EE894A4F1E5C98A10066A4FE /* Assets.xcassets in Resources */,
				EE894A4D1E5C98A10066A4FE /* Main.storyboard in Resources */,
			);
			runOnlyForDeploymentPostprocessing = 0;
		};
		EE894A561E5C98A10066A4FE /* Resources */ = {
			isa = PBXResourcesBuildPhase;
			buildActionMask = 2147483647;
			files = (
			);
			runOnlyForDeploymentPostprocessing = 0;
		};
		EE894A611E5C98A10066A4FE /* Resources */ = {
			isa = PBXResourcesBuildPhase;
			buildActionMask = 2147483647;
			files = (
			);
			runOnlyForDeploymentPostprocessing = 0;
		};
/* End PBXResourcesBuildPhase section */

/* Begin PBXShellScriptBuildPhase section */
		0415CA4C65B1371E65FC955B /* [CP] Copy Pods Resources */ = {
			isa = PBXShellScriptBuildPhase;
			buildActionMask = 2147483647;
			files = (
			);
			inputPaths = (
			);
			name = "[CP] Copy Pods Resources";
			outputPaths = (
			);
			runOnlyForDeploymentPostprocessing = 0;
			shellPath = /bin/sh;
			shellScript = "\"${SRCROOT}/Pods/Target Support Files/Pods-PitchPerfectTests/Pods-PitchPerfectTests-resources.sh\"\n";
			showEnvVarsInLog = 0;
		};
		2D6AD78F0D35452398E1714B /* [CP] Check Pods Manifest.lock */ = {
			isa = PBXShellScriptBuildPhase;
			buildActionMask = 2147483647;
			files = (
			);
			inputPaths = (
			);
			name = "[CP] Check Pods Manifest.lock";
			outputPaths = (
			);
			runOnlyForDeploymentPostprocessing = 0;
			shellPath = /bin/sh;
			shellScript = "diff \"${PODS_ROOT}/../Podfile.lock\" \"${PODS_ROOT}/Manifest.lock\" > /dev/null\nif [ $? != 0 ] ; then\n    # print error to STDERR\n    echo \"error: The sandbox is not in sync with the Podfile.lock. Run 'pod install' or update your CocoaPods installation.\" >&2\n    exit 1\nfi\n";
			showEnvVarsInLog = 0;
		};
		399F36C4CA24B773568AF983 /* [CP] Embed Pods Frameworks */ = {
			isa = PBXShellScriptBuildPhase;
			buildActionMask = 2147483647;
			files = (
			);
			inputPaths = (
			);
			name = "[CP] Embed Pods Frameworks";
			outputPaths = (
			);
			runOnlyForDeploymentPostprocessing = 0;
			shellPath = /bin/sh;
			shellScript = "\"${SRCROOT}/Pods/Target Support Files/Pods-PitchPerfectTests/Pods-PitchPerfectTests-frameworks.sh\"\n";
			showEnvVarsInLog = 0;
		};
		9FBA5139CC531FC0C14FF493 /* [CP] Embed Pods Frameworks */ = {
			isa = PBXShellScriptBuildPhase;
			buildActionMask = 2147483647;
			files = (
			);
			inputPaths = (
			);
			name = "[CP] Embed Pods Frameworks";
			outputPaths = (
			);
			runOnlyForDeploymentPostprocessing = 0;
			shellPath = /bin/sh;
			shellScript = "\"${SRCROOT}/Pods/Target Support Files/Pods-PitchPerfectUITests/Pods-PitchPerfectUITests-frameworks.sh\"\n";
			showEnvVarsInLog = 0;
		};
		A9A37271BEB3C3E3AEC525B5 /* [CP] Copy Pods Resources */ = {
			isa = PBXShellScriptBuildPhase;
			buildActionMask = 2147483647;
			files = (
			);
			inputPaths = (
			);
			name = "[CP] Copy Pods Resources";
			outputPaths = (
			);
			runOnlyForDeploymentPostprocessing = 0;
			shellPath = /bin/sh;
			shellScript = "\"${SRCROOT}/Pods/Target Support Files/Pods-PitchPerfectUITests/Pods-PitchPerfectUITests-resources.sh\"\n";
			showEnvVarsInLog = 0;
		};
		C0166DB395E68A9F55F3234B /* [CP] Embed Pods Frameworks */ = {
			isa = PBXShellScriptBuildPhase;
			buildActionMask = 2147483647;
			files = (
			);
			inputPaths = (
			);
			name = "[CP] Embed Pods Frameworks";
			outputPaths = (
			);
			runOnlyForDeploymentPostprocessing = 0;
			shellPath = /bin/sh;
			shellScript = "\"${SRCROOT}/Pods/Target Support Files/Pods-PitchPerfect/Pods-PitchPerfect-frameworks.sh\"\n";
			showEnvVarsInLog = 0;
		};
		C122894BC2818156E60E1FEE /* [CP] Check Pods Manifest.lock */ = {
			isa = PBXShellScriptBuildPhase;
			buildActionMask = 2147483647;
			files = (
			);
			inputPaths = (
			);
			name = "[CP] Check Pods Manifest.lock";
			outputPaths = (
			);
			runOnlyForDeploymentPostprocessing = 0;
			shellPath = /bin/sh;
			shellScript = "diff \"${PODS_ROOT}/../Podfile.lock\" \"${PODS_ROOT}/Manifest.lock\" > /dev/null\nif [ $? != 0 ] ; then\n    # print error to STDERR\n    echo \"error: The sandbox is not in sync with the Podfile.lock. Run 'pod install' or update your CocoaPods installation.\" >&2\n    exit 1\nfi\n";
			showEnvVarsInLog = 0;
		};
		D66290ED357F4C91DD1C87E5 /* [CP] Check Pods Manifest.lock */ = {
			isa = PBXShellScriptBuildPhase;
			buildActionMask = 2147483647;
			files = (
			);
			inputPaths = (
			);
			name = "[CP] Check Pods Manifest.lock";
			outputPaths = (
			);
			runOnlyForDeploymentPostprocessing = 0;
			shellPath = /bin/sh;
			shellScript = "diff \"${PODS_ROOT}/../Podfile.lock\" \"${PODS_ROOT}/Manifest.lock\" > /dev/null\nif [ $? != 0 ] ; then\n    # print error to STDERR\n    echo \"error: The sandbox is not in sync with the Podfile.lock. Run 'pod install' or update your CocoaPods installation.\" >&2\n    exit 1\nfi\n";
			showEnvVarsInLog = 0;
		};
		EFC0B201B33C3A1BD25FFE72 /* [CP] Copy Pods Resources */ = {
			isa = PBXShellScriptBuildPhase;
			buildActionMask = 2147483647;
			files = (
			);
			inputPaths = (
			);
			name = "[CP] Copy Pods Resources";
			outputPaths = (
			);
			runOnlyForDeploymentPostprocessing = 0;
			shellPath = /bin/sh;
			shellScript = "\"${SRCROOT}/Pods/Target Support Files/Pods-PitchPerfect/Pods-PitchPerfect-resources.sh\"\n";
			showEnvVarsInLog = 0;
		};
/* End PBXShellScriptBuildPhase section */

/* Begin PBXSourcesBuildPhase section */
		EE894A401E5C98A00066A4FE /* Sources */ = {
			isa = PBXSourcesBuildPhase;
			buildActionMask = 2147483647;
			files = (
				EED3169D1E80110000014B2D /* ArtKit.swift in Sources */,
				EE5D05071E850C7700373C9F /* Constant+App.swift in Sources */,
				EE5D05121E86E99800373C9F /* Error_.swift in Sources */,
				EED3169B1E7FA56D00014B2D /* ArtKitButton.swift in Sources */,
				EE5D05141E86EF6000373C9F /* Error_+App.swift in Sources */,
				EE4545151E877DC500B9C213 /* Constant.swift in Sources */,
				EE5D05101E856FBD00373C9F /* FileManager+Convenience.swift in Sources */,
				EE5D05091E850DEA00373C9F /* AudioEffect.swift in Sources */,
				EE5D05051E843A2700373C9F /* UIView+Fadeable.swift in Sources */,
				EE894A481E5C98A10066A4FE /* AppDelegate.swift in Sources */,
				EE5CF1F61E8400B800292217 /* AnimatedWaveform.swift in Sources */,
				EE158BAE1E80233C00228BA2 /* AudioEffectsViewController.swift in Sources */,
				EED9E9E21E88CC530096EF0E /* BasicAudioRecorder.swift in Sources */,
				EECA498D1E821C2A00B5198D /* CustomTraitCollectionViewController.swift in Sources */,
				EE3D3F0A1E82BE6500BCB8A2 /* CircularSliderGradient.swift in Sources */,
				EE5D050E1E856CDD00373C9F /* AudioManipulator.swift in Sources */,
				EED3169F1E801B6A00014B2D /* RecordViewController.swift in Sources */,
				EE4545191E87C29300B9C213 /* ExtendedAVAudioRecorderDelegate.swift in Sources */,
				EE3D3F081E82469F00BCB8A2 /* RotaryWheel.swift in Sources */,
			);
			runOnlyForDeploymentPostprocessing = 0;
		};
		EE894A541E5C98A10066A4FE /* Sources */ = {
			isa = PBXSourcesBuildPhase;
			buildActionMask = 2147483647;
			files = (
				EE894A5D1E5C98A10066A4FE /* PitchPerfectTests.swift in Sources */,
			);
			runOnlyForDeploymentPostprocessing = 0;
		};
		EE894A5F1E5C98A10066A4FE /* Sources */ = {
			isa = PBXSourcesBuildPhase;
			buildActionMask = 2147483647;
			files = (
				EE894A681E5C98A10066A4FE /* PitchPerfectUITests.swift in Sources */,
			);
			runOnlyForDeploymentPostprocessing = 0;
		};
/* End PBXSourcesBuildPhase section */

/* Begin PBXTargetDependency section */
		EE894A5A1E5C98A10066A4FE /* PBXTargetDependency */ = {
			isa = PBXTargetDependency;
			target = EE894A431E5C98A00066A4FE /* PitchPerfect */;
			targetProxy = EE894A591E5C98A10066A4FE /* PBXContainerItemProxy */;
		};
		EE894A651E5C98A10066A4FE /* PBXTargetDependency */ = {
			isa = PBXTargetDependency;
			target = EE894A431E5C98A00066A4FE /* PitchPerfect */;
			targetProxy = EE894A641E5C98A10066A4FE /* PBXContainerItemProxy */;
		};
/* End PBXTargetDependency section */

/* Begin PBXVariantGroup section */
		EE894A4B1E5C98A10066A4FE /* Main.storyboard */ = {
			isa = PBXVariantGroup;
			children = (
				EE894A4C1E5C98A10066A4FE /* Base */,
			);
			name = Main.storyboard;
			sourceTree = "<group>";
		};
		EE894A501E5C98A10066A4FE /* LaunchScreen.storyboard */ = {
			isa = PBXVariantGroup;
			children = (
				EE894A511E5C98A10066A4FE /* Base */,
			);
			name = LaunchScreen.storyboard;
			sourceTree = "<group>";
		};
/* End PBXVariantGroup section */

/* Begin XCBuildConfiguration section */
		EE894A6A1E5C98A10066A4FE /* Debug */ = {
			isa = XCBuildConfiguration;
			buildSettings = {
				ALWAYS_SEARCH_USER_PATHS = NO;
				CLANG_ANALYZER_NONNULL = YES;
				CLANG_CXX_LANGUAGE_STANDARD = "gnu++0x";
				CLANG_CXX_LIBRARY = "libc++";
				CLANG_ENABLE_MODULES = YES;
				CLANG_ENABLE_OBJC_ARC = YES;
				CLANG_WARN_BOOL_CONVERSION = YES;
				CLANG_WARN_CONSTANT_CONVERSION = YES;
				CLANG_WARN_DIRECT_OBJC_ISA_USAGE = YES_ERROR;
				CLANG_WARN_DOCUMENTATION_COMMENTS = YES;
				CLANG_WARN_EMPTY_BODY = YES;
				CLANG_WARN_ENUM_CONVERSION = YES;
				CLANG_WARN_INFINITE_RECURSION = YES;
				CLANG_WARN_INT_CONVERSION = YES;
				CLANG_WARN_OBJC_ROOT_CLASS = YES_ERROR;
				CLANG_WARN_SUSPICIOUS_MOVE = YES;
				CLANG_WARN_UNREACHABLE_CODE = YES;
				CLANG_WARN__DUPLICATE_METHOD_MATCH = YES;
				"CODE_SIGN_IDENTITY[sdk=iphoneos*]" = "iPhone Developer";
				COPY_PHASE_STRIP = NO;
				DEBUG_INFORMATION_FORMAT = dwarf;
				ENABLE_STRICT_OBJC_MSGSEND = YES;
				ENABLE_TESTABILITY = YES;
				GCC_C_LANGUAGE_STANDARD = gnu99;
				GCC_DYNAMIC_NO_PIC = NO;
				GCC_NO_COMMON_BLOCKS = YES;
				GCC_OPTIMIZATION_LEVEL = 0;
				GCC_PREPROCESSOR_DEFINITIONS = (
					"DEBUG=1",
					"$(inherited)",
				);
				GCC_WARN_64_TO_32_BIT_CONVERSION = YES;
				GCC_WARN_ABOUT_RETURN_TYPE = YES_ERROR;
				GCC_WARN_UNDECLARED_SELECTOR = YES;
				GCC_WARN_UNINITIALIZED_AUTOS = YES_AGGRESSIVE;
				GCC_WARN_UNUSED_FUNCTION = YES;
				GCC_WARN_UNUSED_VARIABLE = YES;
				IPHONEOS_DEPLOYMENT_TARGET = 10.2;
				MTL_ENABLE_DEBUG_INFO = YES;
				ONLY_ACTIVE_ARCH = YES;
				SDKROOT = iphoneos;
				SWIFT_ACTIVE_COMPILATION_CONDITIONS = DEBUG;
				SWIFT_OPTIMIZATION_LEVEL = "-Onone";
				TARGETED_DEVICE_FAMILY = "1,2";
			};
			name = Debug;
		};
		EE894A6B1E5C98A10066A4FE /* Release */ = {
			isa = XCBuildConfiguration;
			buildSettings = {
				ALWAYS_SEARCH_USER_PATHS = NO;
				CLANG_ANALYZER_NONNULL = YES;
				CLANG_CXX_LANGUAGE_STANDARD = "gnu++0x";
				CLANG_CXX_LIBRARY = "libc++";
				CLANG_ENABLE_MODULES = YES;
				CLANG_ENABLE_OBJC_ARC = YES;
				CLANG_WARN_BOOL_CONVERSION = YES;
				CLANG_WARN_CONSTANT_CONVERSION = YES;
				CLANG_WARN_DIRECT_OBJC_ISA_USAGE = YES_ERROR;
				CLANG_WARN_DOCUMENTATION_COMMENTS = YES;
				CLANG_WARN_EMPTY_BODY = YES;
				CLANG_WARN_ENUM_CONVERSION = YES;
				CLANG_WARN_INFINITE_RECURSION = YES;
				CLANG_WARN_INT_CONVERSION = YES;
				CLANG_WARN_OBJC_ROOT_CLASS = YES_ERROR;
				CLANG_WARN_SUSPICIOUS_MOVE = YES;
				CLANG_WARN_UNREACHABLE_CODE = YES;
				CLANG_WARN__DUPLICATE_METHOD_MATCH = YES;
				"CODE_SIGN_IDENTITY[sdk=iphoneos*]" = "iPhone Developer";
				COPY_PHASE_STRIP = NO;
				DEBUG_INFORMATION_FORMAT = "dwarf-with-dsym";
				ENABLE_NS_ASSERTIONS = NO;
				ENABLE_STRICT_OBJC_MSGSEND = YES;
				GCC_C_LANGUAGE_STANDARD = gnu99;
				GCC_NO_COMMON_BLOCKS = YES;
				GCC_WARN_64_TO_32_BIT_CONVERSION = YES;
				GCC_WARN_ABOUT_RETURN_TYPE = YES_ERROR;
				GCC_WARN_UNDECLARED_SELECTOR = YES;
				GCC_WARN_UNINITIALIZED_AUTOS = YES_AGGRESSIVE;
				GCC_WARN_UNUSED_FUNCTION = YES;
				GCC_WARN_UNUSED_VARIABLE = YES;
				IPHONEOS_DEPLOYMENT_TARGET = 10.2;
				MTL_ENABLE_DEBUG_INFO = NO;
				SDKROOT = iphoneos;
				SWIFT_OPTIMIZATION_LEVEL = "-Owholemodule";
				TARGETED_DEVICE_FAMILY = "1,2";
				VALIDATE_PRODUCT = YES;
			};
			name = Release;
		};
		EE894A6D1E5C98A10066A4FE /* Debug */ = {
			isa = XCBuildConfiguration;
			baseConfigurationReference = 00776EC4296CBBA06AFEFA53 /* Pods-PitchPerfect.debug.xcconfig */;
			buildSettings = {
				ASSETCATALOG_COMPILER_APPICON_NAME = AppIcon;
				DEVELOPMENT_TEAM = AR27PDZ76S;
				INFOPLIST_FILE = PitchPerfect/Info.plist;
				LD_RUNPATH_SEARCH_PATHS = "$(inherited) @executable_path/Frameworks";
				PRODUCT_BUNDLE_IDENTIFIER = com.from101.PitchPerfect;
				PRODUCT_NAME = "$(TARGET_NAME)";
				SWIFT_VERSION = 3.0;
			};
			name = Debug;
		};
		EE894A6E1E5C98A10066A4FE /* Release */ = {
			isa = XCBuildConfiguration;
			baseConfigurationReference = 9AF583B28680E9EA3690D2F4 /* Pods-PitchPerfect.release.xcconfig */;
			buildSettings = {
				ASSETCATALOG_COMPILER_APPICON_NAME = AppIcon;
				DEVELOPMENT_TEAM = AR27PDZ76S;
				INFOPLIST_FILE = PitchPerfect/Info.plist;
				LD_RUNPATH_SEARCH_PATHS = "$(inherited) @executable_path/Frameworks";
				PRODUCT_BUNDLE_IDENTIFIER = com.from101.PitchPerfect;
				PRODUCT_NAME = "$(TARGET_NAME)";
				SWIFT_VERSION = 3.0;
			};
			name = Release;
		};
		EE894A701E5C98A10066A4FE /* Debug */ = {
			isa = XCBuildConfiguration;
			baseConfigurationReference = E8E29BD8A687525E35BE0E33 /* Pods-PitchPerfectTests.debug.xcconfig */;
			buildSettings = {
				ALWAYS_EMBED_SWIFT_STANDARD_LIBRARIES = YES;
				BUNDLE_LOADER = "$(TEST_HOST)";
				DEVELOPMENT_TEAM = AR27PDZ76S;
				INFOPLIST_FILE = PitchPerfectTests/Info.plist;
				LD_RUNPATH_SEARCH_PATHS = "$(inherited) @executable_path/Frameworks @loader_path/Frameworks";
				PRODUCT_BUNDLE_IDENTIFIER = com.from101.PitchPerfectTests;
				PRODUCT_NAME = "$(TARGET_NAME)";
				SWIFT_VERSION = 3.0;
				TEST_HOST = "$(BUILT_PRODUCTS_DIR)/PitchPerfect.app/PitchPerfect";
			};
			name = Debug;
		};
		EE894A711E5C98A10066A4FE /* Release */ = {
			isa = XCBuildConfiguration;
			baseConfigurationReference = BB13708822829A37B169BDE7 /* Pods-PitchPerfectTests.release.xcconfig */;
			buildSettings = {
				ALWAYS_EMBED_SWIFT_STANDARD_LIBRARIES = YES;
				BUNDLE_LOADER = "$(TEST_HOST)";
				DEVELOPMENT_TEAM = AR27PDZ76S;
				INFOPLIST_FILE = PitchPerfectTests/Info.plist;
				LD_RUNPATH_SEARCH_PATHS = "$(inherited) @executable_path/Frameworks @loader_path/Frameworks";
				PRODUCT_BUNDLE_IDENTIFIER = com.from101.PitchPerfectTests;
				PRODUCT_NAME = "$(TARGET_NAME)";
				SWIFT_VERSION = 3.0;
				TEST_HOST = "$(BUILT_PRODUCTS_DIR)/PitchPerfect.app/PitchPerfect";
			};
			name = Release;
		};
		EE894A731E5C98A10066A4FE /* Debug */ = {
			isa = XCBuildConfiguration;
			baseConfigurationReference = B225B4BA71CC57159276A1F0 /* Pods-PitchPerfectUITests.debug.xcconfig */;
			buildSettings = {
				ALWAYS_EMBED_SWIFT_STANDARD_LIBRARIES = YES;
				DEVELOPMENT_TEAM = AR27PDZ76S;
				INFOPLIST_FILE = PitchPerfectUITests/Info.plist;
				LD_RUNPATH_SEARCH_PATHS = "$(inherited) @executable_path/Frameworks @loader_path/Frameworks";
				PRODUCT_BUNDLE_IDENTIFIER = com.from101.PitchPerfectUITests;
				PRODUCT_NAME = "$(TARGET_NAME)";
				SWIFT_VERSION = 3.0;
				TEST_TARGET_NAME = PitchPerfect;
			};
			name = Debug;
		};
		EE894A741E5C98A10066A4FE /* Release */ = {
			isa = XCBuildConfiguration;
			baseConfigurationReference = A870B2802D6D7ABA82EA99C0 /* Pods-PitchPerfectUITests.release.xcconfig */;
			buildSettings = {
				ALWAYS_EMBED_SWIFT_STANDARD_LIBRARIES = YES;
				DEVELOPMENT_TEAM = AR27PDZ76S;
				INFOPLIST_FILE = PitchPerfectUITests/Info.plist;
				LD_RUNPATH_SEARCH_PATHS = "$(inherited) @executable_path/Frameworks @loader_path/Frameworks";
				PRODUCT_BUNDLE_IDENTIFIER = com.from101.PitchPerfectUITests;
				PRODUCT_NAME = "$(TARGET_NAME)";
				SWIFT_VERSION = 3.0;
				TEST_TARGET_NAME = PitchPerfect;
			};
			name = Release;
		};
/* End XCBuildConfiguration section */

/* Begin XCConfigurationList section */
		EE894A3F1E5C98A00066A4FE /* Build configuration list for PBXProject "PitchPerfect" */ = {
			isa = XCConfigurationList;
			buildConfigurations = (
				EE894A6A1E5C98A10066A4FE /* Debug */,
				EE894A6B1E5C98A10066A4FE /* Release */,
			);
			defaultConfigurationIsVisible = 0;
			defaultConfigurationName = Release;
		};
		EE894A6C1E5C98A10066A4FE /* Build configuration list for PBXNativeTarget "PitchPerfect" */ = {
			isa = XCConfigurationList;
			buildConfigurations = (
				EE894A6D1E5C98A10066A4FE /* Debug */,
				EE894A6E1E5C98A10066A4FE /* Release */,
			);
			defaultConfigurationIsVisible = 0;
			defaultConfigurationName = Release;
		};
		EE894A6F1E5C98A10066A4FE /* Build configuration list for PBXNativeTarget "PitchPerfectTests" */ = {
			isa = XCConfigurationList;
			buildConfigurations = (
				EE894A701E5C98A10066A4FE /* Debug */,
				EE894A711E5C98A10066A4FE /* Release */,
			);
			defaultConfigurationIsVisible = 0;
			defaultConfigurationName = Release;
		};
		EE894A721E5C98A10066A4FE /* Build configuration list for PBXNativeTarget "PitchPerfectUITests" */ = {
			isa = XCConfigurationList;
			buildConfigurations = (
				EE894A731E5C98A10066A4FE /* Debug */,
				EE894A741E5C98A10066A4FE /* Release */,
			);
			defaultConfigurationIsVisible = 0;
			defaultConfigurationName = Release;
		};
/* End XCConfigurationList section */
	};
	rootObject = EE894A3C1E5C98A00066A4FE /* Project object */;
}
